{
  "name": "mktzap-automation",
  "version": "1.0.0",
  "lockfileVersion": 1,
  "requires": true,
  "dependencies": {
    "chance": {
      "version": "1.1.5",
      "resolved": "https://registry.npmjs.org/chance/-/chance-1.1.5.tgz",
      "integrity": "sha512-uBVETzUktMGLALWQ8fCJCOjNF4Gm1lRjjjuC2+z7rCjx78ioONIK7bYhGzBovhQyqOegJEl3nAJxjE7mvY6aIw=="
    },
    "cypress-file-upload": {
      "version": "4.1.1",
      "resolved": "https://registry.npmjs.org/cypress-file-upload/-/cypress-file-upload-4.1.1.tgz",
      "integrity": "sha512-tX6UhuJ63rNgjdzxglpX+ZYf/bM6PDhFMtt1qCBljLtAgdearqyfD1AHqyh59rOHCjfM+bf6FA3o9b/mdaX6pw==",
      "requires": {
        "mime": "^2.4.4"
      }
    },
    "mime": {
      "version": "2.4.6",
      "resolved": "https://registry.npmjs.org/mime/-/mime-2.4.6.tgz",
      "integrity": "sha512-RZKhC3EmpBchfTGBVb8fb+RL2cWyw/32lshnsETttkBAyAUXSGHxbEJWWRXc751DrIxG1q04b8QwMbAwkRPpUA=="
    }
  }
}
